// !$*UTF8*$!
{
	archiveVersion = 1;
	classes = {
	};
	objectVersion = 50;
	objects = {

/* Begin PBXBuildFile section */
		8736F1D624B88AF4001E0FE7 /* BinarySampleHelloWorldObjC.h in Headers */ = {isa = PBXBuildFile; fileRef = 8736F1D524B88AF4001E0FE7 /* BinarySampleHelloWorldObjC.h */; settings = {ATTRIBUTES = (Public, ); }; };
		873B368A24BD9CB4005B85BA /* BinarySampleHelloWorldObjCTests.swift in Sources */ = {isa = PBXBuildFile; fileRef = 873B368924BD9CB4005B85BA /* BinarySampleHelloWorldObjCTests.swift */; };
		873B368C24BD9CB4005B85BA /* BinarySampleHelloWorldObjC.framework in Frameworks */ = {isa = PBXBuildFile; fileRef = 8790C4D224B871C900228A29 /* BinarySampleHelloWorldObjC.framework */; platformFilter = ios; };
		8790C4CA24B8713A00228A29 /* Echo.swift in Sources */ = {isa = PBXBuildFile; fileRef = 8790C4C924B8713A00228A29 /* Echo.swift */; };
		8790C4DF24B871E700228A29 /* Echo.h in Headers */ = {isa = PBXBuildFile; fileRef = 8790C4DC24B871E600228A29 /* Echo.h */; settings = {ATTRIBUTES = (Public, ); }; };
		8790C4E124B871E700228A29 /* Echo.m in Sources */ = {isa = PBXBuildFile; fileRef = 8790C4DE24B871E600228A29 /* Echo.m */; };
/* End PBXBuildFile section */

/* Begin PBXContainerItemProxy section */
		873B368D24BD9CB4005B85BA /* PBXContainerItemProxy */ = {
			isa = PBXContainerItemProxy;
			containerPortal = 8790C4B224B870AF00228A29 /* Project object */;
			proxyType = 1;
			remoteGlobalIDString = 8790C4D124B871C900228A29;
			remoteInfo = BinarySampleHelloWorldObjC;
		};
/* End PBXContainerItemProxy section */

/* Begin PBXFileReference section */
		8736F1D524B88AF4001E0FE7 /* BinarySampleHelloWorldObjC.h */ = {isa = PBXFileReference; fileEncoding = 4; lastKnownFileType = sourcecode.c.h; path = BinarySampleHelloWorldObjC.h; sourceTree = "<group>"; };
		873B368724BD9CB4005B85BA /* BinarySampleHelloWorldObjCTests.xctest */ = {isa = PBXFileReference; explicitFileType = wrapper.cfbundle; includeInIndex = 0; path = BinarySampleHelloWorldObjCTests.xctest; sourceTree = BUILT_PRODUCTS_DIR; };
		873B368924BD9CB4005B85BA /* BinarySampleHelloWorldObjCTests.swift */ = {isa = PBXFileReference; lastKnownFileType = sourcecode.swift; path = BinarySampleHelloWorldObjCTests.swift; sourceTree = "<group>"; };
		873B368B24BD9CB4005B85BA /* Info.plist */ = {isa = PBXFileReference; lastKnownFileType = text.plist.xml; path = Info.plist; sourceTree = "<group>"; };
		8790C4BB24B870AF00228A29 /* BinarySampleHelloWorldSwift.framework */ = {isa = PBXFileReference; explicitFileType = wrapper.framework; includeInIndex = 0; path = BinarySampleHelloWorldSwift.framework; sourceTree = BUILT_PRODUCTS_DIR; };
		8790C4C924B8713A00228A29 /* Echo.swift */ = {isa = PBXFileReference; fileEncoding = 4; lastKnownFileType = sourcecode.swift; path = Echo.swift; sourceTree = "<group>"; };
		8790C4CB24B8716F00228A29 /* Info.plist */ = {isa = PBXFileReference; fileEncoding = 4; lastKnownFileType = text.plist.xml; path = Info.plist; sourceTree = "<group>"; };
		8790C4D224B871C900228A29 /* BinarySampleHelloWorldObjC.framework */ = {isa = PBXFileReference; explicitFileType = wrapper.framework; includeInIndex = 0; path = BinarySampleHelloWorldObjC.framework; sourceTree = BUILT_PRODUCTS_DIR; };
		8790C4DC24B871E600228A29 /* Echo.h */ = {isa = PBXFileReference; fileEncoding = 4; lastKnownFileType = sourcecode.c.h; path = Echo.h; sourceTree = "<group>"; };
		8790C4DD24B871E600228A29 /* Info.plist */ = {isa = PBXFileReference; fileEncoding = 4; lastKnownFileType = text.plist.xml; path = Info.plist; sourceTree = "<group>"; };
		8790C4DE24B871E600228A29 /* Echo.m */ = {isa = PBXFileReference; fileEncoding = 4; lastKnownFileType = sourcecode.c.objc; path = Echo.m; sourceTree = "<group>"; };
/* End PBXFileReference section */

/* Begin PBXFrameworksBuildPhase section */
		873B368424BD9CB4005B85BA /* Frameworks */ = {
			isa = PBXFrameworksBuildPhase;
			buildActionMask = 2147483647;
			files = (
				873B368C24BD9CB4005B85BA /* BinarySampleHelloWorldObjC.framework in Frameworks */,
			);
			runOnlyForDeploymentPostprocessing = 0;
		};
		8790C4B824B870AF00228A29 /* Frameworks */ = {
			isa = PBXFrameworksBuildPhase;
			buildActionMask = 2147483647;
			files = (
			);
			runOnlyForDeploymentPostprocessing = 0;
		};
		8790C4CF24B871C900228A29 /* Frameworks */ = {
			isa = PBXFrameworksBuildPhase;
			buildActionMask = 2147483647;
			files = (
			);
			runOnlyForDeploymentPostprocessing = 0;
		};
/* End PBXFrameworksBuildPhase section */

/* Begin PBXGroup section */
		873B368824BD9CB4005B85BA /* BinarySampleHelloWorldObjCTests */ = {
			isa = PBXGroup;
			children = (
				873B368924BD9CB4005B85BA /* BinarySampleHelloWorldObjCTests.swift */,
				873B368B24BD9CB4005B85BA /* Info.plist */,
			);
			path = BinarySampleHelloWorldObjCTests;
			sourceTree = "<group>";
		};
		8790C4B124B870AF00228A29 = {
			isa = PBXGroup;
			children = (
				8790C4DA24B871E600228A29 /* ObjC */,
				8790C4C824B8713A00228A29 /* Swift */,
				873B368824BD9CB4005B85BA /* BinarySampleHelloWorldObjCTests */,
				8790C4BC24B870AF00228A29 /* Products */,
			);
			sourceTree = "<group>";
		};
		8790C4BC24B870AF00228A29 /* Products */ = {
			isa = PBXGroup;
			children = (
				8790C4BB24B870AF00228A29 /* BinarySampleHelloWorldSwift.framework */,
				8790C4D224B871C900228A29 /* BinarySampleHelloWorldObjC.framework */,
				873B368724BD9CB4005B85BA /* BinarySampleHelloWorldObjCTests.xctest */,
			);
			name = Products;
			sourceTree = "<group>";
		};
		8790C4C824B8713A00228A29 /* Swift */ = {
			isa = PBXGroup;
			children = (
				8790C4C924B8713A00228A29 /* Echo.swift */,
				8790C4CB24B8716F00228A29 /* Info.plist */,
			);
			path = Swift;
			sourceTree = "<group>";
		};
		8790C4DA24B871E600228A29 /* ObjC */ = {
			isa = PBXGroup;
			children = (
				8736F1D524B88AF4001E0FE7 /* BinarySampleHelloWorldObjC.h */,
				8790C4DB24B871E600228A29 /* include */,
				8790C4DD24B871E600228A29 /* Info.plist */,
				8790C4DE24B871E600228A29 /* Echo.m */,
			);
			path = ObjC;
			sourceTree = "<group>";
		};
		8790C4DB24B871E600228A29 /* include */ = {
			isa = PBXGroup;
			children = (
				8790C4DC24B871E600228A29 /* Echo.h */,
			);
			path = include;
			sourceTree = "<group>";
		};
/* End PBXGroup section */

/* Begin PBXHeadersBuildPhase section */
		8790C4B624B870AF00228A29 /* Headers */ = {
			isa = PBXHeadersBuildPhase;
			buildActionMask = 2147483647;
			files = (
			);
			runOnlyForDeploymentPostprocessing = 0;
		};
		8790C4CD24B871C900228A29 /* Headers */ = {
			isa = PBXHeadersBuildPhase;
			buildActionMask = 2147483647;
			files = (
				8790C4DF24B871E700228A29 /* Echo.h in Headers */,
				8736F1D624B88AF4001E0FE7 /* BinarySampleHelloWorldObjC.h in Headers */,
			);
			runOnlyForDeploymentPostprocessing = 0;
		};
/* End PBXHeadersBuildPhase section */

/* Begin PBXNativeTarget section */
		873B368624BD9CB4005B85BA /* BinarySampleHelloWorldObjCTests */ = {
			isa = PBXNativeTarget;
			buildConfigurationList = 873B368F24BD9CB4005B85BA /* Build configuration list for PBXNativeTarget "BinarySampleHelloWorldObjCTests" */;
			buildPhases = (
				873B368324BD9CB4005B85BA /* Sources */,
				873B368424BD9CB4005B85BA /* Frameworks */,
				873B368524BD9CB4005B85BA /* Resources */,
			);
			buildRules = (
			);
			dependencies = (
				873B368E24BD9CB4005B85BA /* PBXTargetDependency */,
			);
			name = BinarySampleHelloWorldObjCTests;
			productName = BinarySampleHelloWorldObjCTests;
			productReference = 873B368724BD9CB4005B85BA /* BinarySampleHelloWorldObjCTests.xctest */;
			productType = "com.apple.product-type.bundle.unit-test";
		};
		8790C4BA24B870AF00228A29 /* BinarySampleHelloWorldSwift */ = {
			isa = PBXNativeTarget;
			buildConfigurationList = 8790C4C324B870AF00228A29 /* Build configuration list for PBXNativeTarget "BinarySampleHelloWorldSwift" */;
			buildPhases = (
				8790C4B624B870AF00228A29 /* Headers */,
				8790C4B724B870AF00228A29 /* Sources */,
				8790C4B824B870AF00228A29 /* Frameworks */,
				8790C4B924B870AF00228A29 /* Resources */,
			);
			buildRules = (
			);
			dependencies = (
			);
			name = BinarySampleHelloWorldSwift;
			productName = BinarySampleHelloWorldSwift;
			productReference = 8790C4BB24B870AF00228A29 /* BinarySampleHelloWorldSwift.framework */;
			productType = "com.apple.product-type.framework";
		};
		8790C4D124B871C900228A29 /* BinarySampleHelloWorldObjC */ = {
			isa = PBXNativeTarget;
			buildConfigurationList = 8790C4D724B871C900228A29 /* Build configuration list for PBXNativeTarget "BinarySampleHelloWorldObjC" */;
			buildPhases = (
				8790C4CD24B871C900228A29 /* Headers */,
				8790C4CE24B871C900228A29 /* Sources */,
				8790C4CF24B871C900228A29 /* Frameworks */,
				8790C4D024B871C900228A29 /* Resources */,
			);
			buildRules = (
			);
			dependencies = (
			);
			name = BinarySampleHelloWorldObjC;
			productName = BinarySampleHelloWorldObjC;
			productReference = 8790C4D224B871C900228A29 /* BinarySampleHelloWorldObjC.framework */;
			productType = "com.apple.product-type.framework";
		};
/* End PBXNativeTarget section */

/* Begin PBXProject section */
		8790C4B224B870AF00228A29 /* Project object */ = {
			isa = PBXProject;
			attributes = {
				LastSwiftUpdateCheck = 1200;
				LastUpgradeCheck = 1200;
				TargetAttributes = {
					873B368624BD9CB4005B85BA = {
						CreatedOnToolsVersion = 12.0;
					};
					8790C4BA24B870AF00228A29 = {
						CreatedOnToolsVersion = 12.0;
					};
					8790C4D124B871C900228A29 = {
						CreatedOnToolsVersion = 12.0;
					};
				};
			};
			buildConfigurationList = 8790C4B524B870AF00228A29 /* Build configuration list for PBXProject "BinarySamples" */;
			compatibilityVersion = "Xcode 9.3";
			developmentRegion = en;
			hasScannedForEncodings = 0;
			knownRegions = (
				en,
				Base,
			);
			mainGroup = 8790C4B124B870AF00228A29;
			productRefGroup = 8790C4BC24B870AF00228A29 /* Products */;
			projectDirPath = "";
			projectRoot = "";
			targets = (
				8790C4BA24B870AF00228A29 /* BinarySampleHelloWorldSwift */,
				8790C4D124B871C900228A29 /* BinarySampleHelloWorldObjC */,
				873B368624BD9CB4005B85BA /* BinarySampleHelloWorldObjCTests */,
			);
		};
/* End PBXProject section */

/* Begin PBXResourcesBuildPhase section */
		873B368524BD9CB4005B85BA /* Resources */ = {
			isa = PBXResourcesBuildPhase;
			buildActionMask = 2147483647;
			files = (
			);
			runOnlyForDeploymentPostprocessing = 0;
		};
		8790C4B924B870AF00228A29 /* Resources */ = {
			isa = PBXResourcesBuildPhase;
			buildActionMask = 2147483647;
			files = (
			);
			runOnlyForDeploymentPostprocessing = 0;
		};
		8790C4D024B871C900228A29 /* Resources */ = {
			isa = PBXResourcesBuildPhase;
			buildActionMask = 2147483647;
			files = (
			);
			runOnlyForDeploymentPostprocessing = 0;
		};
/* End PBXResourcesBuildPhase section */

/* Begin PBXSourcesBuildPhase section */
		873B368324BD9CB4005B85BA /* Sources */ = {
			isa = PBXSourcesBuildPhase;
			buildActionMask = 2147483647;
			files = (
				873B368A24BD9CB4005B85BA /* BinarySampleHelloWorldObjCTests.swift in Sources */,
			);
			runOnlyForDeploymentPostprocessing = 0;
		};
		8790C4B724B870AF00228A29 /* Sources */ = {
			isa = PBXSourcesBuildPhase;
			buildActionMask = 2147483647;
			files = (
				8790C4CA24B8713A00228A29 /* Echo.swift in Sources */,
			);
			runOnlyForDeploymentPostprocessing = 0;
		};
		8790C4CE24B871C900228A29 /* Sources */ = {
			isa = PBXSourcesBuildPhase;
			buildActionMask = 2147483647;
			files = (
				8790C4E124B871E700228A29 /* Echo.m in Sources */,
			);
			runOnlyForDeploymentPostprocessing = 0;
		};
/* End PBXSourcesBuildPhase section */

/* Begin PBXTargetDependency section */
		873B368E24BD9CB4005B85BA /* PBXTargetDependency */ = {
			isa = PBXTargetDependency;
			platformFilter = ios;
			target = 8790C4D124B871C900228A29 /* BinarySampleHelloWorldObjC */;
			targetProxy = 873B368D24BD9CB4005B85BA /* PBXContainerItemProxy */;
		};
/* End PBXTargetDependency section */

/* Begin XCBuildConfiguration section */
		873B369024BD9CB4005B85BA /* Debug */ = {
			isa = XCBuildConfiguration;
			buildSettings = {
				CODE_SIGN_STYLE = Automatic;
				INFOPLIST_FILE = BinarySampleHelloWorldObjCTests/Info.plist;
				LD_RUNPATH_SEARCH_PATHS = (
					"$(inherited)",
					"@executable_path/Frameworks",
					"@loader_path/Frameworks",
				);
				PRODUCT_BUNDLE_IDENTIFIER = com.spm.binarySample.BinarySampleHelloWorldObjCTests;
				PRODUCT_NAME = "$(TARGET_NAME)";
				SWIFT_VERSION = 5.0;
				TARGETED_DEVICE_FAMILY = "1,2";
			};
			name = Debug;
		};
		873B369124BD9CB4005B85BA /* Release */ = {
			isa = XCBuildConfiguration;
			buildSettings = {
				CODE_SIGN_STYLE = Automatic;
				INFOPLIST_FILE = BinarySampleHelloWorldObjCTests/Info.plist;
				LD_RUNPATH_SEARCH_PATHS = (
					"$(inherited)",
					"@executable_path/Frameworks",
					"@loader_path/Frameworks",
				);
				PRODUCT_BUNDLE_IDENTIFIER = com.spm.binarySample.BinarySampleHelloWorldObjCTests;
				PRODUCT_NAME = "$(TARGET_NAME)";
				SWIFT_VERSION = 5.0;
				TARGETED_DEVICE_FAMILY = "1,2";
			};
			name = Release;
		};
		8790C4C124B870AF00228A29 /* Debug */ = {
			isa = XCBuildConfiguration;
			buildSettings = {
				ALWAYS_SEARCH_USER_PATHS = NO;
				CLANG_ANALYZER_NONNULL = YES;
				CLANG_ANALYZER_NUMBER_OBJECT_CONVERSION = YES_AGGRESSIVE;
				CLANG_CXX_LANGUAGE_STANDARD = "gnu++14";
				CLANG_CXX_LIBRARY = "libc++";
				CLANG_ENABLE_MODULES = YES;
				CLANG_ENABLE_OBJC_ARC = YES;
				CLANG_ENABLE_OBJC_WEAK = YES;
				CLANG_WARN_BLOCK_CAPTURE_AUTORELEASING = YES;
				CLANG_WARN_BOOL_CONVERSION = YES;
				CLANG_WARN_COMMA = YES;
				CLANG_WARN_CONSTANT_CONVERSION = YES;
				CLANG_WARN_DEPRECATED_OBJC_IMPLEMENTATIONS = YES;
				CLANG_WARN_DIRECT_OBJC_ISA_USAGE = YES_ERROR;
				CLANG_WARN_DOCUMENTATION_COMMENTS = YES;
				CLANG_WARN_EMPTY_BODY = YES;
				CLANG_WARN_ENUM_CONVERSION = YES;
				CLANG_WARN_INFINITE_RECURSION = YES;
				CLANG_WARN_INT_CONVERSION = YES;
				CLANG_WARN_NON_LITERAL_NULL_CONVERSION = YES;
				CLANG_WARN_OBJC_IMPLICIT_RETAIN_SELF = YES;
				CLANG_WARN_OBJC_LITERAL_CONVERSION = YES;
				CLANG_WARN_OBJC_ROOT_CLASS = YES_ERROR;
				CLANG_WARN_QUOTED_INCLUDE_IN_FRAMEWORK_HEADER = YES;
				CLANG_WARN_RANGE_LOOP_ANALYSIS = YES;
				CLANG_WARN_STRICT_PROTOTYPES = YES;
				CLANG_WARN_SUSPICIOUS_MOVE = YES;
				CLANG_WARN_UNGUARDED_AVAILABILITY = YES_AGGRESSIVE;
				CLANG_WARN_UNREACHABLE_CODE = YES;
				CLANG_WARN__DUPLICATE_METHOD_MATCH = YES;
				COPY_PHASE_STRIP = NO;
				CURRENT_PROJECT_VERSION = 1;
				DEBUG_INFORMATION_FORMAT = dwarf;
				ENABLE_STRICT_OBJC_MSGSEND = YES;
				ENABLE_TESTABILITY = YES;
				GCC_C_LANGUAGE_STANDARD = gnu11;
				GCC_DYNAMIC_NO_PIC = NO;
				GCC_NO_COMMON_BLOCKS = YES;
				GCC_OPTIMIZATION_LEVEL = 0;
				GCC_PREPROCESSOR_DEFINITIONS = (
					"DEBUG=1",
					"$(inherited)",
				);
				GCC_WARN_64_TO_32_BIT_CONVERSION = YES;
				GCC_WARN_ABOUT_RETURN_TYPE = YES_ERROR;
				GCC_WARN_UNDECLARED_SELECTOR = YES;
				GCC_WARN_UNINITIALIZED_AUTOS = YES_AGGRESSIVE;
				GCC_WARN_UNUSED_FUNCTION = YES;
				GCC_WARN_UNUSED_VARIABLE = YES;
				IPHONEOS_DEPLOYMENT_TARGET = 14.0;
				MTL_ENABLE_DEBUG_INFO = INCLUDE_SOURCE;
				MTL_FAST_MATH = YES;
				ONLY_ACTIVE_ARCH = YES;
				SDKROOT = iphoneos;
				SWIFT_ACTIVE_COMPILATION_CONDITIONS = DEBUG;
				SWIFT_OPTIMIZATION_LEVEL = "-Onone";
				VERSIONING_SYSTEM = "apple-generic";
				VERSION_INFO_PREFIX = "";
			};
			name = Debug;
		};
		8790C4C224B870AF00228A29 /* Release */ = {
			isa = XCBuildConfiguration;
			buildSettings = {
				ALWAYS_SEARCH_USER_PATHS = NO;
				CLANG_ANALYZER_NONNULL = YES;
				CLANG_ANALYZER_NUMBER_OBJECT_CONVERSION = YES_AGGRESSIVE;
				CLANG_CXX_LANGUAGE_STANDARD = "gnu++14";
				CLANG_CXX_LIBRARY = "libc++";
				CLANG_ENABLE_MODULES = YES;
				CLANG_ENABLE_OBJC_ARC = YES;
				CLANG_ENABLE_OBJC_WEAK = YES;
				CLANG_WARN_BLOCK_CAPTURE_AUTORELEASING = YES;
				CLANG_WARN_BOOL_CONVERSION = YES;
				CLANG_WARN_COMMA = YES;
				CLANG_WARN_CONSTANT_CONVERSION = YES;
				CLANG_WARN_DEPRECATED_OBJC_IMPLEMENTATIONS = YES;
				CLANG_WARN_DIRECT_OBJC_ISA_USAGE = YES_ERROR;
				CLANG_WARN_DOCUMENTATION_COMMENTS = YES;
				CLANG_WARN_EMPTY_BODY = YES;
				CLANG_WARN_ENUM_CONVERSION = YES;
				CLANG_WARN_INFINITE_RECURSION = YES;
				CLANG_WARN_INT_CONVERSION = YES;
				CLANG_WARN_NON_LITERAL_NULL_CONVERSION = YES;
				CLANG_WARN_OBJC_IMPLICIT_RETAIN_SELF = YES;
				CLANG_WARN_OBJC_LITERAL_CONVERSION = YES;
				CLANG_WARN_OBJC_ROOT_CLASS = YES_ERROR;
				CLANG_WARN_QUOTED_INCLUDE_IN_FRAMEWORK_HEADER = YES;
				CLANG_WARN_RANGE_LOOP_ANALYSIS = YES;
				CLANG_WARN_STRICT_PROTOTYPES = YES;
				CLANG_WARN_SUSPICIOUS_MOVE = YES;
				CLANG_WARN_UNGUARDED_AVAILABILITY = YES_AGGRESSIVE;
				CLANG_WARN_UNREACHABLE_CODE = YES;
				CLANG_WARN__DUPLICATE_METHOD_MATCH = YES;
				COPY_PHASE_STRIP = NO;
				CURRENT_PROJECT_VERSION = 1;
				DEBUG_INFORMATION_FORMAT = "dwarf-with-dsym";
				ENABLE_NS_ASSERTIONS = NO;
				ENABLE_STRICT_OBJC_MSGSEND = YES;
				GCC_C_LANGUAGE_STANDARD = gnu11;
				GCC_NO_COMMON_BLOCKS = YES;
				GCC_WARN_64_TO_32_BIT_CONVERSION = YES;
				GCC_WARN_ABOUT_RETURN_TYPE = YES_ERROR;
				GCC_WARN_UNDECLARED_SELECTOR = YES;
				GCC_WARN_UNINITIALIZED_AUTOS = YES_AGGRESSIVE;
				GCC_WARN_UNUSED_FUNCTION = YES;
				GCC_WARN_UNUSED_VARIABLE = YES;
				IPHONEOS_DEPLOYMENT_TARGET = 14.0;
				MTL_ENABLE_DEBUG_INFO = NO;
				MTL_FAST_MATH = YES;
				SDKROOT = iphoneos;
				SWIFT_COMPILATION_MODE = wholemodule;
				SWIFT_OPTIMIZATION_LEVEL = "-O";
				VALIDATE_PRODUCT = YES;
				VERSIONING_SYSTEM = "apple-generic";
				VERSION_INFO_PREFIX = "";
			};
			name = Release;
		};
		8790C4C424B870AF00228A29 /* Debug */ = {
			isa = XCBuildConfiguration;
			buildSettings = {
				CODE_SIGN_STYLE = Automatic;
				DEFINES_MODULE = YES;
				DYLIB_COMPATIBILITY_VERSION = 1;
				DYLIB_CURRENT_VERSION = 1;
				DYLIB_INSTALL_NAME_BASE = "@rpath";
				INFOPLIST_FILE = "$(SRCROOT)/Swift/Info.plist";
				INSTALL_PATH = "$(LOCAL_LIBRARY_DIR)/Frameworks";
				IPHONEOS_DEPLOYMENT_TARGET = 14.0;
				LD_RUNPATH_SEARCH_PATHS = (
					"$(inherited)",
					"@executable_path/Frameworks",
					"@loader_path/Frameworks",
				);
				PRODUCT_BUNDLE_IDENTIFIER = com.spm.binarySample.BinarySampleHelloWorldSwift;
				PRODUCT_NAME = "$(TARGET_NAME:c99extidentifier)";
				SKIP_INSTALL = YES;
				SUPPORTS_MACCATALYST = NO;
				SWIFT_VERSION = 5.0;
				TARGETED_DEVICE_FAMILY = "1,2";
			};
			name = Debug;
		};
		8790C4C524B870AF00228A29 /* Release */ = {
			isa = XCBuildConfiguration;
			buildSettings = {
				CODE_SIGN_STYLE = Automatic;
				DEFINES_MODULE = YES;
				DYLIB_COMPATIBILITY_VERSION = 1;
				DYLIB_CURRENT_VERSION = 1;
				DYLIB_INSTALL_NAME_BASE = "@rpath";
				INFOPLIST_FILE = "$(SRCROOT)/Swift/Info.plist";
				INSTALL_PATH = "$(LOCAL_LIBRARY_DIR)/Frameworks";
				IPHONEOS_DEPLOYMENT_TARGET = 14.0;
				LD_RUNPATH_SEARCH_PATHS = (
					"$(inherited)",
					"@executable_path/Frameworks",
					"@loader_path/Frameworks",
				);
				PRODUCT_BUNDLE_IDENTIFIER = com.spm.binarySample.BinarySampleHelloWorldSwift;
				PRODUCT_NAME = "$(TARGET_NAME:c99extidentifier)";
				SKIP_INSTALL = YES;
				SUPPORTS_MACCATALYST = NO;
				SWIFT_VERSION = 5.0;
				TARGETED_DEVICE_FAMILY = "1,2";
			};
			name = Release;
		};
		8790C4D824B871C900228A29 /* Debug */ = {
			isa = XCBuildConfiguration;
			buildSettings = {
				CODE_SIGN_STYLE = Automatic;
				DEFINES_MODULE = YES;
				DYLIB_COMPATIBILITY_VERSION = 1;
				DYLIB_CURRENT_VERSION = 1;
				DYLIB_INSTALL_NAME_BASE = "@rpath";
				INFOPLIST_FILE = "$(SRCROOT)/ObjC/Info.plist";
				INSTALL_PATH = "$(LOCAL_LIBRARY_DIR)/Frameworks";
				LD_RUNPATH_SEARCH_PATHS = (
					"$(inherited)",
					"@executable_path/Frameworks",
					"@loader_path/Frameworks",
				);
				PRODUCT_BUNDLE_IDENTIFIER = com.spm.binarySample.BinarySampleHelloWorldObjC;
				PRODUCT_NAME = "$(TARGET_NAME:c99extidentifier)";
				SKIP_INSTALL = YES;
				SUPPORTS_MACCATALYST = NO;
				SWIFT_VERSION = 5.0;
				TARGETED_DEVICE_FAMILY = "1,2";
			};
			name = Debug;
		};
		8790C4D924B871C900228A29 /* Release */ = {
			isa = XCBuildConfiguration;
			buildSettings = {
				CODE_SIGN_STYLE = Automatic;
				DEFINES_MODULE = YES;
				DYLIB_COMPATIBILITY_VERSION = 1;
				DYLIB_CURRENT_VERSION = 1;
				DYLIB_INSTALL_NAME_BASE = "@rpath";
				INFOPLIST_FILE = "$(SRCROOT)/ObjC/Info.plist";
				INSTALL_PATH = "$(LOCAL_LIBRARY_DIR)/Frameworks";
				LD_RUNPATH_SEARCH_PATHS = (
					"$(inherited)",
					"@executable_path/Frameworks",
					"@loader_path/Frameworks",
				);
				PRODUCT_BUNDLE_IDENTIFIER = com.spm.binarySample.BinarySampleHelloWorldObjC;
				PRODUCT_NAME = "$(TARGET_NAME:c99extidentifier)";
				SKIP_INSTALL = YES;
				SUPPORTS_MACCATALYST = NO;
				SWIFT_VERSION = 5.0;
				TARGETED_DEVICE_FAMILY = "1,2";
			};
			name = Release;
		};
/* End XCBuildConfiguration section */

/* Begin XCConfigurationList section */
		873B368F24BD9CB4005B85BA /* Build configuration list for PBXNativeTarget "BinarySampleHelloWorldObjCTests" */ = {
			isa = XCConfigurationList;
			buildConfigurations = (
				873B369024BD9CB4005B85BA /* Debug */,
				873B369124BD9CB4005B85BA /* Release */,
			);
			defaultConfigurationIsVisible = 0;
			defaultConfigurationName = Release;
		};
		8790C4B524B870AF00228A29 /* Build configuration list for PBXProject "BinarySamples" */ = {
			isa = XCConfigurationList;
			buildConfigurations = (
				8790C4C124B870AF00228A29 /* Debug */,
				8790C4C224B870AF00228A29 /* Release */,
			);
			defaultConfigurationIsVisible = 0;
			defaultConfigurationName = Release;
		};
		8790C4C324B870AF00228A29 /* Build configuration list for PBXNativeTarget "BinarySampleHelloWorldSwift" */ = {
			isa = XCConfigurationList;
			buildConfigurations = (
				8790C4C424B870AF00228A29 /* Debug */,
				8790C4C524B870AF00228A29 /* Release */,
			);
			defaultConfigurationIsVisible = 0;
			defaultConfigurationName = Release;
		};
		8790C4D724B871C900228A29 /* Build configuration list for PBXNativeTarget "BinarySampleHelloWorldObjC" */ = {
			isa = XCConfigurationList;
			buildConfigurations = (
				8790C4D824B871C900228A29 /* Debug */,
				8790C4D924B871C900228A29 /* Release */,
			);
			defaultConfigurationIsVisible = 0;
			defaultConfigurationName = Release;
		};
/* End XCConfigurationList section */
	};
	rootObject = 8790C4B224B870AF00228A29 /* Project object */;
}
